
Microsoft Visual Studio Solution File, Format Version 12.00
# Visual Studio 15
VisualStudioVersion = 15.0.27703.2026
MinimumVisualStudioVersion = 10.0.40219.1
Project("{FAE04EC0-301F-11D3-BF4B-00C04F79EFBC}") = "HtnLog.Model", "HtnLog.Model\HtnLog.Model.csproj", "{8E8527DC-5E7F-4E0C-8B44-B4C3FDBED8C8}"
EndProject
Project("{FAE04EC0-301F-11D3-BF4B-00C04F79EFBC}") = "HtnLog.DAL", "HtnLog.DAL\HtnLog.DAL.csproj", "{535303FF-B4A3-4867-A195-A17DD81EEA42}"
EndProject
Project("{FAE04EC0-301F-11D3-BF4B-00C04F79EFBC}") = "HtnLog.BLL", "HtnLog.BLL\HtnLog.BLL.csproj", "{5E8C7F2B-F70B-4515-A612-913DE4D9AC81}"
EndProject
Project("{FAE04EC0-301F-11D3-BF4B-00C04F79EFBC}") = "HtnLog.UI", "HtnLog.UI\HtnLog.UI.csproj", "{6BCA0729-83E7-4EEF-9B2E-5E2F3E8E5115}"
EndProject
Global
	GlobalSection(SolutionConfigurationPlatforms) = preSolution
		Debug|Any CPU = Debug|Any CPU
		Release|Any CPU = Release|Any CPU
	EndGlobalSection
	GlobalSection(ProjectConfigurationPlatforms) = postSolution
		{8E8527DC-5E7F-4E0C-8B44-B4C3FDBED8C8}.Debug|Any CPU.ActiveCfg = Debug|Any CPU
		{8E8527DC-5E7F-4E0C-8B44-B4C3FDBED8C8}.Debug|Any CPU.Build.0 = Debug|Any CPU
		{8E8527DC-5E7F-4E0C-8B44-B4C3FDBED8C8}.Release|Any CPU.ActiveCfg = Release|Any CPU
		{8E8527DC-5E7F-4E0C-8B44-B4C3FDBED8C8}.Release|Any CPU.Build.0 = Release|Any CPU
		{535303FF-B4A3-4867-A195-A17DD81EEA42}.Debug|Any CPU.ActiveCfg = Debug|Any CPU
		{535303FF-B4A3-4867-A195-A17DD81EEA42}.Debug|Any CPU.Build.0 = Debug|Any CPU
		{535303FF-B4A3-4867-A195-A17DD81EEA42}.Release|Any CPU.ActiveCfg = Release|Any CPU
		{535303FF-B4A3-4867-A195-A17DD81EEA42}.Release|Any CPU.Build.0 = Release|Any CPU
		{5E8C7F2B-F70B-4515-A612-913DE4D9AC81}.Debug|Any CPU.ActiveCfg = Debug|Any CPU
		{5E8C7F2B-F70B-4515-A612-913DE4D9AC81}.Debug|Any CPU.Build.0 = Debug|Any CPU
		{5E8C7F2B-F70B-4515-A612-913DE4D9AC81}.Release|Any CPU.ActiveCfg = Release|Any CPU
		{5E8C7F2B-F70B-4515-A612-913DE4D9AC81}.Release|Any CPU.Build.0 = Release|Any CPU
		{6BCA0729-83E7-4EEF-9B2E-5E2F3E8E5115}.Debug|Any CPU.ActiveCfg = Debug|Any CPU
		{6BCA0729-83E7-4EEF-9B2E-5E2F3E8E5115}.Debug|Any CPU.Build.0 = Debug|Any CPU
		{6BCA0729-83E7-4EEF-9B2E-5E2F3E8E5115}.Release|Any CPU.ActiveCfg = Release|Any CPU
		{6BCA0729-83E7-4EEF-9B2E-5E2F3E8E5115}.Release|Any CPU.Build.0 = Release|Any CPU
	EndGlobalSection
	GlobalSection(SolutionProperties) = preSolution
		HideSolutionNode = FALSE
	EndGlobalSection
	GlobalSection(ExtensibilityGlobals) = postSolution
		SolutionGuid = {7184F4E8-9F25-4488-91ED-2CA531CF80EC}
	EndGlobalSection
EndGlobal
